
Microsoft Visual Studio Solution File, Format Version 12.00
# Visual Studio Version 17
VisualStudioVersion = 17.6.33829.357
MinimumVisualStudioVersion = 10.0.40219.1
Project("{9A19103F-16F7-4668-BE54-9A1E7A4F7556}") = "NaturalFirstWebApp", "NaturalFirstWebApp\NaturalFirstWebApp.csproj", "{70D2D5B0-6DEE-4B71-8D87-6D47342ACC9C}"
EndProject
Project("{9A19103F-16F7-4668-BE54-9A1E7A4F7556}") = "NaturalFirstAPI", "NaturalFirstAPI\NaturalFirstAPI.csproj", "{A9C56242-BB1B-46B8-9647-E8FCDE8840AB}"
EndProject
Global
	GlobalSection(SolutionConfigurationPlatforms) = preSolution
		Debug|Any CPU = Debug|Any CPU
		Release|Any CPU = Release|Any CPU
	EndGlobalSection
	GlobalSection(ProjectConfigurationPlatforms) = postSolution
		{70D2D5B0-6DEE-4B71-8D87-6D47342ACC9C}.Debug|Any CPU.ActiveCfg = Debug|Any CPU
		{70D2D5B0-6DEE-4B71-8D87-6D47342ACC9C}.Debug|Any CPU.Build.0 = Debug|Any CPU
		{70D2D5B0-6DEE-4B71-8D87-6D47342ACC9C}.Release|Any CPU.ActiveCfg = Release|Any CPU
		{70D2D5B0-6DEE-4B71-8D87-6D47342ACC9C}.Release|Any CPU.Build.0 = Release|Any CPU
		{A9C56242-BB1B-46B8-9647-E8FCDE8840AB}.Debug|Any CPU.ActiveCfg = Debug|Any CPU
		{A9C56242-BB1B-46B8-9647-E8FCDE8840AB}.Debug|Any CPU.Build.0 = Debug|Any CPU
		{A9C56242-BB1B-46B8-9647-E8FCDE8840AB}.Release|Any CPU.ActiveCfg = Release|Any CPU
		{A9C56242-BB1B-46B8-9647-E8FCDE8840AB}.Release|Any CPU.Build.0 = Release|Any CPU
	EndGlobalSection
	GlobalSection(SolutionProperties) = preSolution
		HideSolutionNode = FALSE
	EndGlobalSection
	GlobalSection(ExtensibilityGlobals) = postSolution
		SolutionGuid = {D3003D60-1A7B-477B-B2EC-5412500BC76D}
	EndGlobalSection
EndGlobal
